// !$*UTF8*$!
{
	archiveVersion = 1;
	classes = {
	};
	objectVersion = 46;
	objects = {

/* Begin PBXBuildFile section */
		391016C0D70E64528C5E1177 /* Pods.framework in Frameworks */ = {isa = PBXBuildFile; fileRef = 83BED4D27E9F6A16DC2C04D6 /* Pods.framework */; };
		A40561861C87377D00D0F247 /* bg.jpeg in Resources */ = {isa = PBXBuildFile; fileRef = A40561851C87377D00D0F247 /* bg.jpeg */; };
		A45EED161C81F408009A3B55 /* DriverTableViewController.swift in Sources */ = {isa = PBXBuildFile; fileRef = A45EED151C81F408009A3B55 /* DriverTableViewController.swift */; };
		A45EED181C831B52009A3B55 /* RequestViewController.swift in Sources */ = {isa = PBXBuildFile; fileRef = A45EED171C831B52009A3B55 /* RequestViewController.swift */; };
		A45EED1A1C831CCF009A3B55 /* RiderRequest.swift in Sources */ = {isa = PBXBuildFile; fileRef = A45EED191C831CCF009A3B55 /* RiderRequest.swift */; };
		A4665E331C7FD41900121752 /* button.png in Resources */ = {isa = PBXBuildFile; fileRef = A4665E321C7FD41900121752 /* button.png */; };
		A4665E351C80536300121752 /* RiderViewController.swift in Sources */ = {isa = PBXBuildFile; fileRef = A4665E341C80536300121752 /* RiderViewController.swift */; };
		A4FD5EDF1C7F471600029BE1 /* AppDelegate.swift in Sources */ = {isa = PBXBuildFile; fileRef = A4FD5EDE1C7F471600029BE1 /* AppDelegate.swift */; };
		A4FD5EE11C7F471600029BE1 /* ViewController.swift in Sources */ = {isa = PBXBuildFile; fileRef = A4FD5EE01C7F471600029BE1 /* ViewController.swift */; };
		A4FD5EE41C7F471600029BE1 /* Main.storyboard in Resources */ = {isa = PBXBuildFile; fileRef = A4FD5EE21C7F471600029BE1 /* Main.storyboard */; };
		A4FD5EE61C7F471600029BE1 /* Assets.xcassets in Resources */ = {isa = PBXBuildFile; fileRef = A4FD5EE51C7F471600029BE1 /* Assets.xcassets */; };
		A4FD5EE91C7F471600029BE1 /* LaunchScreen.storyboard in Resources */ = {isa = PBXBuildFile; fileRef = A4FD5EE71C7F471600029BE1 /* LaunchScreen.storyboard */; };
		A4FD5EF11C7F472600029BE1 /* Podfile in Resources */ = {isa = PBXBuildFile; fileRef = A4FD5EF01C7F472600029BE1 /* Podfile */; };
/* End PBXBuildFile section */

/* Begin PBXFileReference section */
		039A44FDAD9CF39C966D7387 /* Pods.debug.xcconfig */ = {isa = PBXFileReference; includeInIndex = 1; lastKnownFileType = text.xcconfig; name = Pods.debug.xcconfig; path = "Pods/Target Support Files/Pods/Pods.debug.xcconfig"; sourceTree = "<group>"; };
		234873DA94966006AFF8B54A /* Pods.release.xcconfig */ = {isa = PBXFileReference; includeInIndex = 1; lastKnownFileType = text.xcconfig; name = Pods.release.xcconfig; path = "Pods/Target Support Files/Pods/Pods.release.xcconfig"; sourceTree = "<group>"; };
		83BED4D27E9F6A16DC2C04D6 /* Pods.framework */ = {isa = PBXFileReference; explicitFileType = wrapper.framework; includeInIndex = 0; path = Pods.framework; sourceTree = BUILT_PRODUCTS_DIR; };
		A40561851C87377D00D0F247 /* bg.jpeg */ = {isa = PBXFileReference; lastKnownFileType = image.jpeg; path = bg.jpeg; sourceTree = "<group>"; };
		A45EED151C81F408009A3B55 /* DriverTableViewController.swift */ = {isa = PBXFileReference; fileEncoding = 4; lastKnownFileType = sourcecode.swift; path = DriverTableViewController.swift; sourceTree = "<group>"; };
		A45EED171C831B52009A3B55 /* RequestViewController.swift */ = {isa = PBXFileReference; fileEncoding = 4; lastKnownFileType = sourcecode.swift; path = RequestViewController.swift; sourceTree = "<group>"; };
		A45EED191C831CCF009A3B55 /* RiderRequest.swift */ = {isa = PBXFileReference; fileEncoding = 4; lastKnownFileType = sourcecode.swift; path = RiderRequest.swift; sourceTree = "<group>"; };
		A4665E321C7FD41900121752 /* button.png */ = {isa = PBXFileReference; lastKnownFileType = image.png; path = button.png; sourceTree = "<group>"; };
		A4665E341C80536300121752 /* RiderViewController.swift */ = {isa = PBXFileReference; fileEncoding = 4; lastKnownFileType = sourcecode.swift; path = RiderViewController.swift; sourceTree = "<group>"; };
		A4FD5EDB1C7F471600029BE1 /* Uber.app */ = {isa = PBXFileReference; explicitFileType = wrapper.application; includeInIndex = 0; path = Uber.app; sourceTree = BUILT_PRODUCTS_DIR; };
		A4FD5EDE1C7F471600029BE1 /* AppDelegate.swift */ = {isa = PBXFileReference; lastKnownFileType = sourcecode.swift; path = AppDelegate.swift; sourceTree = "<group>"; };
		A4FD5EE01C7F471600029BE1 /* ViewController.swift */ = {isa = PBXFileReference; lastKnownFileType = sourcecode.swift; path = ViewController.swift; sourceTree = "<group>"; };
		A4FD5EE31C7F471600029BE1 /* Base */ = {isa = PBXFileReference; lastKnownFileType = file.storyboard; name = Base; path = Base.lproj/Main.storyboard; sourceTree = "<group>"; };
		A4FD5EE51C7F471600029BE1 /* Assets.xcassets */ = {isa = PBXFileReference; lastKnownFileType = folder.assetcatalog; path = Assets.xcassets; sourceTree = "<group>"; };
		A4FD5EE81C7F471600029BE1 /* Base */ = {isa = PBXFileReference; lastKnownFileType = file.storyboard; name = Base; path = Base.lproj/LaunchScreen.storyboard; sourceTree = "<group>"; };
		A4FD5EEA1C7F471600029BE1 /* Info.plist */ = {isa = PBXFileReference; lastKnownFileType = text.plist.xml; path = Info.plist; sourceTree = "<group>"; };
		A4FD5EF01C7F472600029BE1 /* Podfile */ = {isa = PBXFileReference; fileEncoding = 4; lastKnownFileType = text; path = Podfile; sourceTree = "<group>"; xcLanguageSpecificationIdentifier = xcode.lang.ruby; };
/* End PBXFileReference section */

/* Begin PBXFrameworksBuildPhase section */
		A4FD5ED81C7F471600029BE1 /* Frameworks */ = {
			isa = PBXFrameworksBuildPhase;
			buildActionMask = 2147483647;
			files = (
				391016C0D70E64528C5E1177 /* Pods.framework in Frameworks */,
			);
			runOnlyForDeploymentPostprocessing = 0;
		};
/* End PBXFrameworksBuildPhase section */

/* Begin PBXGroup section */
		06CCCF14C656A84883857AD7 /* Pods */ = {
			isa = PBXGroup;
			children = (
				039A44FDAD9CF39C966D7387 /* Pods.debug.xcconfig */,
				234873DA94966006AFF8B54A /* Pods.release.xcconfig */,
			);
			name = Pods;
			sourceTree = "<group>";
		};
		A4FD5ED21C7F471600029BE1 = {
			isa = PBXGroup;
			children = (
				A4FD5EF01C7F472600029BE1 /* Podfile */,
				A4FD5EDD1C7F471600029BE1 /* Uber */,
				A4FD5EDC1C7F471600029BE1 /* Products */,
				06CCCF14C656A84883857AD7 /* Pods */,
				F6CC2A7BE56E8B38C8F98544 /* Frameworks */,
			);
			sourceTree = "<group>";
		};
		A4FD5EDC1C7F471600029BE1 /* Products */ = {
			isa = PBXGroup;
			children = (
				A4FD5EDB1C7F471600029BE1 /* Uber.app */,
			);
			name = Products;
			sourceTree = "<group>";
		};
		A4FD5EDD1C7F471600029BE1 /* Uber */ = {
			isa = PBXGroup;
			children = (
				A40561851C87377D00D0F247 /* bg.jpeg */,
				A4665E321C7FD41900121752 /* button.png */,
				A4FD5EDE1C7F471600029BE1 /* AppDelegate.swift */,
				A4FD5EE01C7F471600029BE1 /* ViewController.swift */,
				A4FD5EE21C7F471600029BE1 /* Main.storyboard */,
				A4665E341C80536300121752 /* RiderViewController.swift */,
				A45EED171C831B52009A3B55 /* RequestViewController.swift */,
				A45EED151C81F408009A3B55 /* DriverTableViewController.swift */,
				A45EED191C831CCF009A3B55 /* RiderRequest.swift */,
				A4FD5EE51C7F471600029BE1 /* Assets.xcassets */,
				A4FD5EE71C7F471600029BE1 /* LaunchScreen.storyboard */,
				A4FD5EEA1C7F471600029BE1 /* Info.plist */,
			);
			path = Uber;
			sourceTree = "<group>";
		};
		F6CC2A7BE56E8B38C8F98544 /* Frameworks */ = {
			isa = PBXGroup;
			children = (
				83BED4D27E9F6A16DC2C04D6 /* Pods.framework */,
			);
			name = Frameworks;
			sourceTree = "<group>";
		};
/* End PBXGroup section */

/* Begin PBXNativeTarget section */
		A4FD5EDA1C7F471600029BE1 /* Uber */ = {
			isa = PBXNativeTarget;
			buildConfigurationList = A4FD5EED1C7F471600029BE1 /* Build configuration list for PBXNativeTarget "Uber" */;
			buildPhases = (
				753D4C4CCDF038857C9EC6ED /* Check Pods Manifest.lock */,
				A4FD5ED71C7F471600029BE1 /* Sources */,
				A4FD5ED81C7F471600029BE1 /* Frameworks */,
				A4FD5ED91C7F471600029BE1 /* Resources */,
				081474868700BE1B9EE4E740 /* Embed Pods Frameworks */,
				43D0BEAE4B7756BEAA135ACB /* Copy Pods Resources */,
			);
			buildRules = (
			);
			dependencies = (
			);
			name = Uber;
			productName = Uber;
			productReference = A4FD5EDB1C7F471600029BE1 /* Uber.app */;
			productType = "com.apple.product-type.application";
		};
/* End PBXNativeTarget section */

/* Begin PBXProject section */
		A4FD5ED31C7F471600029BE1 /* Project object */ = {
			isa = PBXProject;
			attributes = {
				KnownAssetTags = (
					"com.apple.gamecenter.Dashboard Image",
				);
				LastSwiftUpdateCheck = 0720;
				LastUpgradeCheck = 0720;
				ORGANIZATIONNAME = spocktech;
				TargetAttributes = {
					A4FD5EDA1C7F471600029BE1 = {
						CreatedOnToolsVersion = 7.2.1;
						SystemCapabilities = {
							com.apple.BackgroundModes = {
								enabled = 1;
							};
						};
					};
				};
			};
			buildConfigurationList = A4FD5ED61C7F471600029BE1 /* Build configuration list for PBXProject "Uber" */;
			compatibilityVersion = "Xcode 3.2";
			developmentRegion = English;
			hasScannedForEncodings = 0;
			knownRegions = (
				en,
				Base,
			);
			mainGroup = A4FD5ED21C7F471600029BE1;
			productRefGroup = A4FD5EDC1C7F471600029BE1 /* Products */;
			projectDirPath = "";
			projectRoot = "";
			targets = (
				A4FD5EDA1C7F471600029BE1 /* Uber */,
			);
		};
/* End PBXProject section */

/* Begin PBXResourcesBuildPhase section */
		A4FD5ED91C7F471600029BE1 /* Resources */ = {
			isa = PBXResourcesBuildPhase;
			buildActionMask = 2147483647;
			files = (
				A40561861C87377D00D0F247 /* bg.jpeg in Resources */,
				A4FD5EE91C7F471600029BE1 /* LaunchScreen.storyboard in Resources */,
				A4665E331C7FD41900121752 /* button.png in Resources */,
				A4FD5EE61C7F471600029BE1 /* Assets.xcassets in Resources */,
				A4FD5EF11C7F472600029BE1 /* Podfile in Resources */,
				A4FD5EE41C7F471600029BE1 /* Main.storyboard in Resources */,
			);
			runOnlyForDeploymentPostprocessing = 0;
		};
/* End PBXResourcesBuildPhase section */

/* Begin PBXShellScriptBuildPhase section */
		081474868700BE1B9EE4E740 /* Embed Pods Frameworks */ = {
			isa = PBXShellScriptBuildPhase;
			buildActionMask = 2147483647;
			files = (
			);
			inputPaths = (
			);
			name = "Embed Pods Frameworks";
			outputPaths = (
			);
			runOnlyForDeploymentPostprocessing = 0;
			shellPath = /bin/sh;
			shellScript = "\"${SRCROOT}/Pods/Target Support Files/Pods/Pods-frameworks.sh\"\n";
			showEnvVarsInLog = 0;
		};
		43D0BEAE4B7756BEAA135ACB /* Copy Pods Resources */ = {
			isa = PBXShellScriptBuildPhase;
			buildActionMask = 2147483647;
			files = (
			);
			inputPaths = (
			);
			name = "Copy Pods Resources";
			outputPaths = (
			);
			runOnlyForDeploymentPostprocessing = 0;
			shellPath = /bin/sh;
			shellScript = "\"${SRCROOT}/Pods/Target Support Files/Pods/Pods-resources.sh\"\n";
			showEnvVarsInLog = 0;
		};
		753D4C4CCDF038857C9EC6ED /* Check Pods Manifest.lock */ = {
			isa = PBXShellScriptBuildPhase;
			buildActionMask = 2147483647;
			files = (
			);
			inputPaths = (
			);
			name = "Check Pods Manifest.lock";
			outputPaths = (
			);
			runOnlyForDeploymentPostprocessing = 0;
			shellPath = /bin/sh;
			shellScript = "diff \"${PODS_ROOT}/../Podfile.lock\" \"${PODS_ROOT}/Manifest.lock\" > /dev/null\nif [[ $? != 0 ]] ; then\n    cat << EOM\nerror: The sandbox is not in sync with the Podfile.lock. Run 'pod install' or update your CocoaPods installation.\nEOM\n    exit 1\nfi\n";
			showEnvVarsInLog = 0;
		};
/* End PBXShellScriptBuildPhase section */

/* Begin PBXSourcesBuildPhase section */
		A4FD5ED71C7F471600029BE1 /* Sources */ = {
			isa = PBXSourcesBuildPhase;
			buildActionMask = 2147483647;
			files = (
				A4FD5EE11C7F471600029BE1 /* ViewController.swift in Sources */,
				A45EED1A1C831CCF009A3B55 /* RiderRequest.swift in Sources */,
				A45EED161C81F408009A3B55 /* DriverTableViewController.swift in Sources */,
				A45EED181C831B52009A3B55 /* RequestViewController.swift in Sources */,
				A4665E351C80536300121752 /* RiderViewController.swift in Sources */,
				A4FD5EDF1C7F471600029BE1 /* AppDelegate.swift in Sources */,
			);
			runOnlyForDeploymentPostprocessing = 0;
		};
/* End PBXSourcesBuildPhase section */

/* Begin PBXVariantGroup section */
		A4FD5EE21C7F471600029BE1 /* Main.storyboard */ = {
			isa = PBXVariantGroup;
			children = (
				A4FD5EE31C7F471600029BE1 /* Base */,
			);
			name = Main.storyboard;
			sourceTree = "<group>";
		};
		A4FD5EE71C7F471600029BE1 /* LaunchScreen.storyboard */ = {
			isa = PBXVariantGroup;
			children = (
				A4FD5EE81C7F471600029BE1 /* Base */,
			);
			name = LaunchScreen.storyboard;
			sourceTree = "<group>";
		};
/* End PBXVariantGroup section */

/* Begin XCBuildConfiguration section */
		A4FD5EEB1C7F471600029BE1 /* Debug */ = {
			isa = XCBuildConfiguration;
			buildSettings = {
				ALWAYS_SEARCH_USER_PATHS = NO;
				CLANG_CXX_LANGUAGE_STANDARD = "gnu++0x";
				CLANG_CXX_LIBRARY = "libc++";
				CLANG_ENABLE_MODULES = YES;
				CLANG_ENABLE_OBJC_ARC = YES;
				CLANG_WARN_BOOL_CONVERSION = YES;
				CLANG_WARN_CONSTANT_CONVERSION = YES;
				CLANG_WARN_DIRECT_OBJC_ISA_USAGE = YES_ERROR;
				CLANG_WARN_EMPTY_BODY = YES;
				CLANG_WARN_ENUM_CONVERSION = YES;
				CLANG_WARN_INT_CONVERSION = YES;
				CLANG_WARN_OBJC_ROOT_CLASS = YES_ERROR;
				CLANG_WARN_UNREACHABLE_CODE = YES;
				CLANG_WARN__DUPLICATE_METHOD_MATCH = YES;
				"CODE_SIGN_IDENTITY[sdk=iphoneos*]" = "iPhone Developer";
				COPY_PHASE_STRIP = NO;
				DEBUG_INFORMATION_FORMAT = dwarf;
				ENABLE_STRICT_OBJC_MSGSEND = YES;
				ENABLE_TESTABILITY = YES;
				GCC_C_LANGUAGE_STANDARD = gnu99;
				GCC_DYNAMIC_NO_PIC = NO;
				GCC_NO_COMMON_BLOCKS = YES;
				GCC_OPTIMIZATION_LEVEL = 0;
				GCC_PREPROCESSOR_DEFINITIONS = (
					"DEBUG=1",
					"$(inherited)",
				);
				GCC_WARN_64_TO_32_BIT_CONVERSION = YES;
				GCC_WARN_ABOUT_RETURN_TYPE = YES_ERROR;
				GCC_WARN_UNDECLARED_SELECTOR = YES;
				GCC_WARN_UNINITIALIZED_AUTOS = YES_AGGRESSIVE;
				GCC_WARN_UNUSED_FUNCTION = YES;
				GCC_WARN_UNUSED_VARIABLE = YES;
				IPHONEOS_DEPLOYMENT_TARGET = 9.2;
				MTL_ENABLE_DEBUG_INFO = YES;
				ONLY_ACTIVE_ARCH = YES;
				SDKROOT = iphoneos;
				SWIFT_OPTIMIZATION_LEVEL = "-Onone";
			};
			name = Debug;
		};
		A4FD5EEC1C7F471600029BE1 /* Release */ = {
			isa = XCBuildConfiguration;
			buildSettings = {
				ALWAYS_SEARCH_USER_PATHS = NO;
				CLANG_CXX_LANGUAGE_STANDARD = "gnu++0x";
				CLANG_CXX_LIBRARY = "libc++";
				CLANG_ENABLE_MODULES = YES;
				CLANG_ENABLE_OBJC_ARC = YES;
				CLANG_WARN_BOOL_CONVERSION = YES;
				CLANG_WARN_CONSTANT_CONVERSION = YES;
				CLANG_WARN_DIRECT_OBJC_ISA_USAGE = YES_ERROR;
				CLANG_WARN_EMPTY_BODY = YES;
				CLANG_WARN_ENUM_CONVERSION = YES;
				CLANG_WARN_INT_CONVERSION = YES;
				CLANG_WARN_OBJC_ROOT_CLASS = YES_ERROR;
				CLANG_WARN_UNREACHABLE_CODE = YES;
				CLANG_WARN__DUPLICATE_METHOD_MATCH = YES;
				"CODE_SIGN_IDENTITY[sdk=iphoneos*]" = "iPhone Developer";
				COPY_PHASE_STRIP = NO;
				DEBUG_INFORMATION_FORMAT = "dwarf-with-dsym";
				ENABLE_NS_ASSERTIONS = NO;
				ENABLE_STRICT_OBJC_MSGSEND = YES;
				GCC_C_LANGUAGE_STANDARD = gnu99;
				GCC_NO_COMMON_BLOCKS = YES;
				GCC_WARN_64_TO_32_BIT_CONVERSION = YES;
				GCC_WARN_ABOUT_RETURN_TYPE = YES_ERROR;
				GCC_WARN_UNDECLARED_SELECTOR = YES;
				GCC_WARN_UNINITIALIZED_AUTOS = YES_AGGRESSIVE;
				GCC_WARN_UNUSED_FUNCTION = YES;
				GCC_WARN_UNUSED_VARIABLE = YES;
				IPHONEOS_DEPLOYMENT_TARGET = 9.2;
				MTL_ENABLE_DEBUG_INFO = NO;
				SDKROOT = iphoneos;
				VALIDATE_PRODUCT = YES;
			};
			name = Release;
		};
		A4FD5EEE1C7F471600029BE1 /* Debug */ = {
			isa = XCBuildConfiguration;
			baseConfigurationReference = 039A44FDAD9CF39C966D7387 /* Pods.debug.xcconfig */;
			buildSettings = {
				ASSETCATALOG_COMPILER_APPICON_NAME = AppIcon;
				INFOPLIST_FILE = Uber/Info.plist;
				LD_RUNPATH_SEARCH_PATHS = "$(inherited) @executable_path/Frameworks";
				PRODUCT_BUNDLE_IDENTIFIER = com.spockks.Uber;
				PRODUCT_NAME = "$(TARGET_NAME)";
			};
			name = Debug;
		};
		A4FD5EEF1C7F471600029BE1 /* Release */ = {
			isa = XCBuildConfiguration;
			baseConfigurationReference = 234873DA94966006AFF8B54A /* Pods.release.xcconfig */;
			buildSettings = {
				ASSETCATALOG_COMPILER_APPICON_NAME = AppIcon;
				INFOPLIST_FILE = Uber/Info.plist;
				LD_RUNPATH_SEARCH_PATHS = "$(inherited) @executable_path/Frameworks";
				PRODUCT_BUNDLE_IDENTIFIER = com.spockks.Uber;
				PRODUCT_NAME = "$(TARGET_NAME)";
			};
			name = Release;
		};
/* End XCBuildConfiguration section */

/* Begin XCConfigurationList section */
		A4FD5ED61C7F471600029BE1 /* Build configuration list for PBXProject "Uber" */ = {
			isa = XCConfigurationList;
			buildConfigurations = (
				A4FD5EEB1C7F471600029BE1 /* Debug */,
				A4FD5EEC1C7F471600029BE1 /* Release */,
			);
			defaultConfigurationIsVisible = 0;
			defaultConfigurationName = Release;
		};
		A4FD5EED1C7F471600029BE1 /* Build configuration list for PBXNativeTarget "Uber" */ = {
			isa = XCConfigurationList;
			buildConfigurations = (
				A4FD5EEE1C7F471600029BE1 /* Debug */,
				A4FD5EEF1C7F471600029BE1 /* Release */,
			);
			defaultConfigurationIsVisible = 0;
			defaultConfigurationName = Release;
		};
/* End XCConfigurationList section */
	};
	rootObject = A4FD5ED31C7F471600029BE1 /* Project object */;
}
